
Microsoft Visual Studio Solution File, Format Version 12.00
# Visual Studio Version 18
VisualStudioVersion = 18.6.11709.129
MinimumVisualStudioVersion = 10.0.40219.1
Project("{9A19103F-16F7-4668-BE54-9A1E7A4F7556}") = "Neme.Extensions", "Neme.Extensions\Neme.Extensions.csproj", "{F7F94647-6B94-4BFA-AFCB-A9BFC630146A}"
EndProject
Project("{9A19103F-16F7-4668-BE54-9A1E7A4F7556}") = "Neme.Extensions.Tests", "Neme.Extensions.Tests\Neme.Extensions.Tests.csproj", "{1A8C88E0-00A7-4DE0-9B35-5CCA17AF5755}"
EndProject
Project("{2150E333-8FDC-42A3-9474-1A3956D46DE8}") = "Solution Items", "Solution Items", "{3E3E18C9-87C0-4A31-ADBC-E24F83D6B0EE}"
	ProjectSection(SolutionItems) = preProject
		.editorconfig = .editorconfig
		Directory.Build.props = Directory.Build.props
	EndProjectSection
EndProject
Project("{FAE04EC0-301F-11D3-BF4B-00C04F79EFBC}") = "Neme.Polyfills", "Neme.Polyfills\Neme.Polyfills.csproj", "{034D386F-5860-47C5-851D-DB576E037A6B}"
EndProject
Project("{FAE04EC0-301F-11D3-BF4B-00C04F79EFBC}") = "Neme.Polyfills.Tests", "Neme.Polyfills.Tests\Neme.Polyfills.Tests.csproj", "{E2BDC3AA-1A14-3347-F3D1-77AFB5850BDF}"
EndProject
Project("{FAE04EC0-301F-11D3-BF4B-00C04F79EFBC}") = "Neme.Extensions.Win32", "Neme.Extensions.Win32\Neme.Extensions.Win32.csproj", "{F4E940D9-5376-4AF5-A220-602F97C9B437}"
EndProject
Global
	GlobalSection(SolutionConfigurationPlatforms) = preSolution
		Debug|Any CPU = Debug|Any CPU
		Release|Any CPU = Release|Any CPU
	EndGlobalSection
	GlobalSection(ProjectConfigurationPlatforms) = postSolution
		{F7F94647-6B94-4BFA-AFCB-A9BFC630146A}.Debug|Any CPU.ActiveCfg = Debug|Any CPU
		{F7F94647-6B94-4BFA-AFCB-A9BFC630146A}.Debug|Any CPU.Build.0 = Debug|Any CPU
		{F7F94647-6B94-4BFA-AFCB-A9BFC630146A}.Release|Any CPU.ActiveCfg = Release|Any CPU
		{F7F94647-6B94-4BFA-AFCB-A9BFC630146A}.Release|Any CPU.Build.0 = Release|Any CPU
		{1A8C88E0-00A7-4DE0-9B35-5CCA17AF5755}.Debug|Any CPU.ActiveCfg = Debug|Any CPU
		{1A8C88E0-00A7-4DE0-9B35-5CCA17AF5755}.Debug|Any CPU.Build.0 = Debug|Any CPU
		{1A8C88E0-00A7-4DE0-9B35-5CCA17AF5755}.Release|Any CPU.ActiveCfg = Release|Any CPU
		{1A8C88E0-00A7-4DE0-9B35-5CCA17AF5755}.Release|Any CPU.Build.0 = Release|Any CPU
		{034D386F-5860-47C5-851D-DB576E037A6B}.Debug|Any CPU.ActiveCfg = Debug|Any CPU
		{034D386F-5860-47C5-851D-DB576E037A6B}.Debug|Any CPU.Build.0 = Debug|Any CPU
		{034D386F-5860-47C5-851D-DB576E037A6B}.Release|Any CPU.ActiveCfg = Release|Any CPU
		{034D386F-5860-47C5-851D-DB576E037A6B}.Release|Any CPU.Build.0 = Release|Any CPU
		{E2BDC3AA-1A14-3347-F3D1-77AFB5850BDF}.Debug|Any CPU.ActiveCfg = Debug|Any CPU
		{E2BDC3AA-1A14-3347-F3D1-77AFB5850BDF}.Debug|Any CPU.Build.0 = Debug|Any CPU
		{E2BDC3AA-1A14-3347-F3D1-77AFB5850BDF}.Release|Any CPU.ActiveCfg = Release|Any CPU
		{E2BDC3AA-1A14-3347-F3D1-77AFB5850BDF}.Release|Any CPU.Build.0 = Release|Any CPU
		{F4E940D9-5376-4AF5-A220-602F97C9B437}.Debug|Any CPU.ActiveCfg = Debug|Any CPU
		{F4E940D9-5376-4AF5-A220-602F97C9B437}.Debug|Any CPU.Build.0 = Debug|Any CPU
		{F4E940D9-5376-4AF5-A220-602F97C9B437}.Release|Any CPU.ActiveCfg = Release|Any CPU
		{F4E940D9-5376-4AF5-A220-602F97C9B437}.Release|Any CPU.Build.0 = Release|Any CPU
	EndGlobalSection
	GlobalSection(SolutionProperties) = preSolution
		HideSolutionNode = FALSE
	EndGlobalSection
	GlobalSection(ExtensibilityGlobals) = postSolution
		SolutionGuid = {7033D88A-2560-4477-979F-1DE5B9A73BEE}
	EndGlobalSection
EndGlobal
